// !$*UTF8*$!
{
	archiveVersion = 1;
	classes = {
	};
	objectVersion = 46;
	objects = {

/* Begin PBXAggregateTarget section */
		E9C5206E169C740100DAD68B /* Framework */ = {
			isa = PBXAggregateTarget;
			buildConfigurationList = E9C5206F169C740100DAD68B /* Build configuration list for PBXAggregateTarget "Framework" */;
			buildPhases = (
				E9C52074169C741100DAD68B /* ShellScript */,
			);
			dependencies = (
				E9C52073169C740A00DAD68B /* PBXTargetDependency */,
			);
			name = Framework;
			productName = Framework;
		};
/* End PBXAggregateTarget section */

/* Begin PBXBuildFile section */
		E9B7CA43169DEFF4009CD6B7 /* UIKit.framework in Frameworks */ = {isa = PBXBuildFile; fileRef = E9B7CA42169DEFF4009CD6B7 /* UIKit.framework */; };
		E9C51FE3169C724100DAD68B /* Foundation.framework in Frameworks */ = {isa = PBXBuildFile; fileRef = E9C51FE2169C724100DAD68B /* Foundation.framework */; };
		E9C51FF2169C724100DAD68B /* SenTestingKit.framework in Frameworks */ = {isa = PBXBuildFile; fileRef = E9C51FF1169C724100DAD68B /* SenTestingKit.framework */; };
		E9C51FF5169C724100DAD68B /* Foundation.framework in Frameworks */ = {isa = PBXBuildFile; fileRef = E9C51FE2169C724100DAD68B /* Foundation.framework */; };
		E9C51FF8169C724100DAD68B /* libPostageKit.a in Frameworks */ = {isa = PBXBuildFile; fileRef = E9C51FDF169C724100DAD68B /* libPostageKit.a */; };
		E9C51FFE169C724100DAD68B /* InfoPlist.strings in Resources */ = {isa = PBXBuildFile; fileRef = E9C51FFC169C724100DAD68B /* InfoPlist.strings */; };
		E9C52001169C724100DAD68B /* PostageKitTests.m in Sources */ = {isa = PBXBuildFile; fileRef = E9C52000169C724100DAD68B /* PostageKitTests.m */; };
		E9C5201C169C731100DAD68B /* PostageClient.m in Sources */ = {isa = PBXBuildFile; fileRef = E9C5201B169C731100DAD68B /* PostageClient.m */; };
		E9C5201E169C733600DAD68B /* PostageKit.h in Headers */ = {isa = PBXBuildFile; fileRef = E9C52019169C72EA00DAD68B /* PostageKit.h */; settings = {ATTRIBUTES = (Public, ); }; };
		E9C5201F169C733600DAD68B /* PostageClient.h in Headers */ = {isa = PBXBuildFile; fileRef = E9C5201A169C731100DAD68B /* PostageClient.h */; settings = {ATTRIBUTES = (Public, ); }; };
		E9C520DD169C756F00DAD68B /* AFHTTPClient.h in Headers */ = {isa = PBXBuildFile; fileRef = E9C520CA169C756F00DAD68B /* AFHTTPClient.h */; settings = {ATTRIBUTES = (Public, ); }; };
		E9C520DE169C756F00DAD68B /* AFHTTPClient.m in Sources */ = {isa = PBXBuildFile; fileRef = E9C520CB169C756F00DAD68B /* AFHTTPClient.m */; };
		E9C520DF169C756F00DAD68B /* AFHTTPRequestOperation.h in Headers */ = {isa = PBXBuildFile; fileRef = E9C520CC169C756F00DAD68B /* AFHTTPRequestOperation.h */; settings = {ATTRIBUTES = (Private, ); }; };
		E9C520E0169C756F00DAD68B /* AFHTTPRequestOperation.m in Sources */ = {isa = PBXBuildFile; fileRef = E9C520CD169C756F00DAD68B /* AFHTTPRequestOperation.m */; };
		E9C520E1169C756F00DAD68B /* AFImageRequestOperation.h in Headers */ = {isa = PBXBuildFile; fileRef = E9C520CE169C756F00DAD68B /* AFImageRequestOperation.h */; settings = {ATTRIBUTES = (Private, ); }; };
		E9C520E2169C756F00DAD68B /* AFImageRequestOperation.m in Sources */ = {isa = PBXBuildFile; fileRef = E9C520CF169C756F00DAD68B /* AFImageRequestOperation.m */; };
		E9C520E3169C756F00DAD68B /* AFJSONRequestOperation.h in Headers */ = {isa = PBXBuildFile; fileRef = E9C520D0169C756F00DAD68B /* AFJSONRequestOperation.h */; settings = {ATTRIBUTES = (Private, ); }; };
		E9C520E4169C756F00DAD68B /* AFJSONRequestOperation.m in Sources */ = {isa = PBXBuildFile; fileRef = E9C520D1169C756F00DAD68B /* AFJSONRequestOperation.m */; };
		E9C520E5169C756F00DAD68B /* AFNetworkActivityIndicatorManager.h in Headers */ = {isa = PBXBuildFile; fileRef = E9C520D2169C756F00DAD68B /* AFNetworkActivityIndicatorManager.h */; settings = {ATTRIBUTES = (Private, ); }; };
		E9C520E6169C756F00DAD68B /* AFNetworkActivityIndicatorManager.m in Sources */ = {isa = PBXBuildFile; fileRef = E9C520D3169C756F00DAD68B /* AFNetworkActivityIndicatorManager.m */; };
		E9C520E7169C756F00DAD68B /* AFNetworking.h in Headers */ = {isa = PBXBuildFile; fileRef = E9C520D4169C756F00DAD68B /* AFNetworking.h */; settings = {ATTRIBUTES = (Private, ); }; };
		E9C520E8169C756F00DAD68B /* AFPropertyListRequestOperation.h in Headers */ = {isa = PBXBuildFile; fileRef = E9C520D5169C756F00DAD68B /* AFPropertyListRequestOperation.h */; settings = {ATTRIBUTES = (Private, ); }; };
		E9C520E9169C756F00DAD68B /* AFPropertyListRequestOperation.m in Sources */ = {isa = PBXBuildFile; fileRef = E9C520D6169C756F00DAD68B /* AFPropertyListRequestOperation.m */; };
		E9C520EA169C756F00DAD68B /* AFURLConnectionOperation.h in Headers */ = {isa = PBXBuildFile; fileRef = E9C520D7169C756F00DAD68B /* AFURLConnectionOperation.h */; settings = {ATTRIBUTES = (Private, ); }; };
		E9C520EB169C756F00DAD68B /* AFURLConnectionOperation.m in Sources */ = {isa = PBXBuildFile; fileRef = E9C520D8169C756F00DAD68B /* AFURLConnectionOperation.m */; };
		E9C520EC169C756F00DAD68B /* AFXMLRequestOperation.h in Headers */ = {isa = PBXBuildFile; fileRef = E9C520D9169C756F00DAD68B /* AFXMLRequestOperation.h */; settings = {ATTRIBUTES = (Private, ); }; };
		E9C520ED169C756F00DAD68B /* AFXMLRequestOperation.m in Sources */ = {isa = PBXBuildFile; fileRef = E9C520DA169C756F00DAD68B /* AFXMLRequestOperation.m */; };
		E9C520EE169C756F00DAD68B /* UIImageView+AFNetworking.h in Headers */ = {isa = PBXBuildFile; fileRef = E9C520DB169C756F00DAD68B /* UIImageView+AFNetworking.h */; settings = {ATTRIBUTES = (Private, ); }; };
		E9C520EF169C756F00DAD68B /* UIImageView+AFNetworking.m in Sources */ = {isa = PBXBuildFile; fileRef = E9C520DC169C756F00DAD68B /* UIImageView+AFNetworking.m */; };
		E9C520F1169C758C00DAD68B /* MobileCoreServices.framework in Frameworks */ = {isa = PBXBuildFile; fileRef = E9C520F0169C758C00DAD68B /* MobileCoreServices.framework */; };
		E9C520F3169C759600DAD68B /* SystemConfiguration.framework in Frameworks */ = {isa = PBXBuildFile; fileRef = E9C520F2169C759600DAD68B /* SystemConfiguration.framework */; };
		E9C520F7169C796C00DAD68B /* MessageParams.h in Headers */ = {isa = PBXBuildFile; fileRef = E9C520F5169C796C00DAD68B /* MessageParams.h */; settings = {ATTRIBUTES = (Public, ); }; };
		E9C520F8169C796C00DAD68B /* MessageParams.m in Sources */ = {isa = PBXBuildFile; fileRef = E9C520F6169C796C00DAD68B /* MessageParams.m */; };
		E9C520FF169C798400DAD68B /* AccountInfo.h in Headers */ = {isa = PBXBuildFile; fileRef = E9C520FD169C798400DAD68B /* AccountInfo.h */; settings = {ATTRIBUTES = (Public, ); }; };
		E9C52100169C798400DAD68B /* AccountInfo.m in Sources */ = {isa = PBXBuildFile; fileRef = E9C520FE169C798400DAD68B /* AccountInfo.m */; };
		E9C52103169C798B00DAD68B /* ProjectInfo.h in Headers */ = {isa = PBXBuildFile; fileRef = E9C52101169C798B00DAD68B /* ProjectInfo.h */; settings = {ATTRIBUTES = (Public, ); }; };
		E9C52104169C798B00DAD68B /* ProjectInfo.m in Sources */ = {isa = PBXBuildFile; fileRef = E9C52102169C798B00DAD68B /* ProjectInfo.m */; };
		E9C52107169C827700DAD68B /* JSONObject.h in Headers */ = {isa = PBXBuildFile; fileRef = E9C52105169C827700DAD68B /* JSONObject.h */; settings = {ATTRIBUTES = (Public, ); }; };
		E9C52108169C827700DAD68B /* JSONObject.m in Sources */ = {isa = PBXBuildFile; fileRef = E9C52106169C827700DAD68B /* JSONObject.m */; };
		E9C5210B169C83E000DAD68B /* PostageMessage.h in Headers */ = {isa = PBXBuildFile; fileRef = E9C52109169C83E000DAD68B /* PostageMessage.h */; settings = {ATTRIBUTES = (Public, ); }; };
		E9C5210C169C83E000DAD68B /* PostageMessage.m in Sources */ = {isa = PBXBuildFile; fileRef = E9C5210A169C83E000DAD68B /* PostageMessage.m */; };
		E9C5210F169C853E00DAD68B /* MessageTransmission.h in Headers */ = {isa = PBXBuildFile; fileRef = E9C5210D169C853D00DAD68B /* MessageTransmission.h */; settings = {ATTRIBUTES = (Public, ); }; };
		E9C52110169C853E00DAD68B /* MessageTransmission.m in Sources */ = {isa = PBXBuildFile; fileRef = E9C5210E169C853D00DAD68B /* MessageTransmission.m */; };
		E9C5212B169C89A800DAD68B /* NSObject+TWG.h in Headers */ = {isa = PBXBuildFile; fileRef = E9C52129169C89A800DAD68B /* NSObject+TWG.h */; settings = {ATTRIBUTES = (Private, ); }; };
		E9C5212C169C89A800DAD68B /* NSObject+TWG.m in Sources */ = {isa = PBXBuildFile; fileRef = E9C5212A169C89A800DAD68B /* NSObject+TWG.m */; };
/* End PBXBuildFile section */

/* Begin PBXContainerItemProxy section */
		E9C51FF6169C724100DAD68B /* PBXContainerItemProxy */ = {
			isa = PBXContainerItemProxy;
			containerPortal = E9C51FD6169C724100DAD68B /* Project object */;
			proxyType = 1;
			remoteGlobalIDString = E9C51FDE169C724100DAD68B;
			remoteInfo = PostageKit;
		};
		E9C52072169C740A00DAD68B /* PBXContainerItemProxy */ = {
			isa = PBXContainerItemProxy;
			containerPortal = E9C51FD6169C724100DAD68B /* Project object */;
			proxyType = 1;
			remoteGlobalIDString = E9C51FDE169C724100DAD68B;
			remoteInfo = PostageKit;
		};
/* End PBXContainerItemProxy section */

/* Begin PBXCopyFilesBuildPhase section */
		E9C51FDD169C724100DAD68B /* CopyFiles */ = {
			isa = PBXCopyFilesBuildPhase;
			buildActionMask = 2147483647;
			dstPath = "include/${PRODUCT_NAME}";
			dstSubfolderSpec = 16;
			files = (
			);
			runOnlyForDeploymentPostprocessing = 0;
		};
/* End PBXCopyFilesBuildPhase section */

/* Begin PBXFileReference section */
		E9B7CA42169DEFF4009CD6B7 /* UIKit.framework */ = {isa = PBXFileReference; lastKnownFileType = wrapper.framework; name = UIKit.framework; path = System/Library/Frameworks/UIKit.framework; sourceTree = SDKROOT; };
		E9C51FDF169C724100DAD68B /* libPostageKit.a */ = {isa = PBXFileReference; explicitFileType = archive.ar; includeInIndex = 0; path = libPostageKit.a; sourceTree = BUILT_PRODUCTS_DIR; };
		E9C51FE2169C724100DAD68B /* Foundation.framework */ = {isa = PBXFileReference; lastKnownFileType = wrapper.framework; name = Foundation.framework; path = System/Library/Frameworks/Foundation.framework; sourceTree = SDKROOT; };
		E9C51FE6169C724100DAD68B /* PostageKit-Prefix.pch */ = {isa = PBXFileReference; lastKnownFileType = sourcecode.c.h; path = "PostageKit-Prefix.pch"; sourceTree = "<group>"; };
		E9C51FF0169C724100DAD68B /* PostageKitTests.octest */ = {isa = PBXFileReference; explicitFileType = wrapper.cfbundle; includeInIndex = 0; path = PostageKitTests.octest; sourceTree = BUILT_PRODUCTS_DIR; };
		E9C51FF1169C724100DAD68B /* SenTestingKit.framework */ = {isa = PBXFileReference; lastKnownFileType = wrapper.framework; name = SenTestingKit.framework; path = Library/Frameworks/SenTestingKit.framework; sourceTree = DEVELOPER_DIR; };
		E9C51FFB169C724100DAD68B /* PostageKitTests-Info.plist */ = {isa = PBXFileReference; lastKnownFileType = text.plist.xml; path = "PostageKitTests-Info.plist"; sourceTree = "<group>"; };
		E9C51FFD169C724100DAD68B /* en */ = {isa = PBXFileReference; lastKnownFileType = text.plist.strings; name = en; path = en.lproj/InfoPlist.strings; sourceTree = "<group>"; };
		E9C51FFF169C724100DAD68B /* PostageKitTests.h */ = {isa = PBXFileReference; lastKnownFileType = sourcecode.c.h; path = PostageKitTests.h; sourceTree = "<group>"; };
		E9C52000169C724100DAD68B /* PostageKitTests.m */ = {isa = PBXFileReference; lastKnownFileType = sourcecode.c.objc; path = PostageKitTests.m; sourceTree = "<group>"; };
		E9C52019169C72EA00DAD68B /* PostageKit.h */ = {isa = PBXFileReference; lastKnownFileType = sourcecode.c.h; path = PostageKit.h; sourceTree = "<group>"; };
		E9C5201A169C731100DAD68B /* PostageClient.h */ = {isa = PBXFileReference; fileEncoding = 4; lastKnownFileType = sourcecode.c.h; path = PostageClient.h; sourceTree = "<group>"; };
		E9C5201B169C731100DAD68B /* PostageClient.m */ = {isa = PBXFileReference; fileEncoding = 4; lastKnownFileType = sourcecode.c.objc; path = PostageClient.m; sourceTree = "<group>"; };
		E9C520CA169C756F00DAD68B /* AFHTTPClient.h */ = {isa = PBXFileReference; fileEncoding = 4; lastKnownFileType = sourcecode.c.h; path = AFHTTPClient.h; sourceTree = "<group>"; };
		E9C520CB169C756F00DAD68B /* AFHTTPClient.m */ = {isa = PBXFileReference; fileEncoding = 4; lastKnownFileType = sourcecode.c.objc; path = AFHTTPClient.m; sourceTree = "<group>"; };
		E9C520CC169C756F00DAD68B /* AFHTTPRequestOperation.h */ = {isa = PBXFileReference; fileEncoding = 4; lastKnownFileType = sourcecode.c.h; path = AFHTTPRequestOperation.h; sourceTree = "<group>"; };
		E9C520CD169C756F00DAD68B /* AFHTTPRequestOperation.m */ = {isa = PBXFileReference; fileEncoding = 4; lastKnownFileType = sourcecode.c.objc; path = AFHTTPRequestOperation.m; sourceTree = "<group>"; };
		E9C520CE169C756F00DAD68B /* AFImageRequestOperation.h */ = {isa = PBXFileReference; fileEncoding = 4; lastKnownFileType = sourcecode.c.h; path = AFImageRequestOperation.h; sourceTree = "<group>"; };
		E9C520CF169C756F00DAD68B /* AFImageRequestOperation.m */ = {isa = PBXFileReference; fileEncoding = 4; lastKnownFileType = sourcecode.c.objc; path = AFImageRequestOperation.m; sourceTree = "<group>"; };
		E9C520D0169C756F00DAD68B /* AFJSONRequestOperation.h */ = {isa = PBXFileReference; fileEncoding = 4; lastKnownFileType = sourcecode.c.h; path = AFJSONRequestOperation.h; sourceTree = "<group>"; };
		E9C520D1169C756F00DAD68B /* AFJSONRequestOperation.m */ = {isa = PBXFileReference; fileEncoding = 4; lastKnownFileType = sourcecode.c.objc; path = AFJSONRequestOperation.m; sourceTree = "<group>"; };
		E9C520D2169C756F00DAD68B /* AFNetworkActivityIndicatorManager.h */ = {isa = PBXFileReference; fileEncoding = 4; lastKnownFileType = sourcecode.c.h; path = AFNetworkActivityIndicatorManager.h; sourceTree = "<group>"; };
		E9C520D3169C756F00DAD68B /* AFNetworkActivityIndicatorManager.m */ = {isa = PBXFileReference; fileEncoding = 4; lastKnownFileType = sourcecode.c.objc; path = AFNetworkActivityIndicatorManager.m; sourceTree = "<group>"; };
		E9C520D4169C756F00DAD68B /* AFNetworking.h */ = {isa = PBXFileReference; fileEncoding = 4; lastKnownFileType = sourcecode.c.h; path = AFNetworking.h; sourceTree = "<group>"; };
		E9C520D5169C756F00DAD68B /* AFPropertyListRequestOperation.h */ = {isa = PBXFileReference; fileEncoding = 4; lastKnownFileType = sourcecode.c.h; path = AFPropertyListRequestOperation.h; sourceTree = "<group>"; };
		E9C520D6169C756F00DAD68B /* AFPropertyListRequestOperation.m */ = {isa = PBXFileReference; fileEncoding = 4; lastKnownFileType = sourcecode.c.objc; path = AFPropertyListRequestOperation.m; sourceTree = "<group>"; };
		E9C520D7169C756F00DAD68B /* AFURLConnectionOperation.h */ = {isa = PBXFileReference; fileEncoding = 4; lastKnownFileType = sourcecode.c.h; path = AFURLConnectionOperation.h; sourceTree = "<group>"; };
		E9C520D8169C756F00DAD68B /* AFURLConnectionOperation.m */ = {isa = PBXFileReference; fileEncoding = 4; lastKnownFileType = sourcecode.c.objc; path = AFURLConnectionOperation.m; sourceTree = "<group>"; };
		E9C520D9169C756F00DAD68B /* AFXMLRequestOperation.h */ = {isa = PBXFileReference; fileEncoding = 4; lastKnownFileType = sourcecode.c.h; path = AFXMLRequestOperation.h; sourceTree = "<group>"; };
		E9C520DA169C756F00DAD68B /* AFXMLRequestOperation.m */ = {isa = PBXFileReference; fileEncoding = 4; lastKnownFileType = sourcecode.c.objc; path = AFXMLRequestOperation.m; sourceTree = "<group>"; };
		E9C520DB169C756F00DAD68B /* UIImageView+AFNetworking.h */ = {isa = PBXFileReference; fileEncoding = 4; lastKnownFileType = sourcecode.c.h; path = "UIImageView+AFNetworking.h"; sourceTree = "<group>"; };
		E9C520DC169C756F00DAD68B /* UIImageView+AFNetworking.m */ = {isa = PBXFileReference; fileEncoding = 4; lastKnownFileType = sourcecode.c.objc; path = "UIImageView+AFNetworking.m"; sourceTree = "<group>"; };
		E9C520F0169C758C00DAD68B /* MobileCoreServices.framework */ = {isa = PBXFileReference; lastKnownFileType = wrapper.framework; name = MobileCoreServices.framework; path = System/Library/Frameworks/MobileCoreServices.framework; sourceTree = SDKROOT; };
		E9C520F2169C759600DAD68B /* SystemConfiguration.framework */ = {isa = PBXFileReference; lastKnownFileType = wrapper.framework; name = SystemConfiguration.framework; path = System/Library/Frameworks/SystemConfiguration.framework; sourceTree = SDKROOT; };
		E9C520F5169C796C00DAD68B /* MessageParams.h */ = {isa = PBXFileReference; fileEncoding = 4; lastKnownFileType = sourcecode.c.h; path = MessageParams.h; sourceTree = "<group>"; };
		E9C520F6169C796C00DAD68B /* MessageParams.m */ = {isa = PBXFileReference; fileEncoding = 4; lastKnownFileType = sourcecode.c.objc; path = MessageParams.m; sourceTree = "<group>"; };
		E9C520FD169C798400DAD68B /* AccountInfo.h */ = {isa = PBXFileReference; fileEncoding = 4; lastKnownFileType = sourcecode.c.h; path = AccountInfo.h; sourceTree = "<group>"; };
		E9C520FE169C798400DAD68B /* AccountInfo.m */ = {isa = PBXFileReference; fileEncoding = 4; lastKnownFileType = sourcecode.c.objc; path = AccountInfo.m; sourceTree = "<group>"; };
		E9C52101169C798B00DAD68B /* ProjectInfo.h */ = {isa = PBXFileReference; fileEncoding = 4; lastKnownFileType = sourcecode.c.h; path = ProjectInfo.h; sourceTree = "<group>"; };
		E9C52102169C798B00DAD68B /* ProjectInfo.m */ = {isa = PBXFileReference; fileEncoding = 4; lastKnownFileType = sourcecode.c.objc; path = ProjectInfo.m; sourceTree = "<group>"; };
		E9C52105169C827700DAD68B /* JSONObject.h */ = {isa = PBXFileReference; fileEncoding = 4; lastKnownFileType = sourcecode.c.h; path = JSONObject.h; sourceTree = "<group>"; };
		E9C52106169C827700DAD68B /* JSONObject.m */ = {isa = PBXFileReference; fileEncoding = 4; lastKnownFileType = sourcecode.c.objc; path = JSONObject.m; sourceTree = "<group>"; };
		E9C52109169C83E000DAD68B /* PostageMessage.h */ = {isa = PBXFileReference; fileEncoding = 4; lastKnownFileType = sourcecode.c.h; path = PostageMessage.h; sourceTree = "<group>"; };
		E9C5210A169C83E000DAD68B /* PostageMessage.m */ = {isa = PBXFileReference; fileEncoding = 4; lastKnownFileType = sourcecode.c.objc; path = PostageMessage.m; sourceTree = "<group>"; };
		E9C5210D169C853D00DAD68B /* MessageTransmission.h */ = {isa = PBXFileReference; fileEncoding = 4; lastKnownFileType = sourcecode.c.h; path = MessageTransmission.h; sourceTree = "<group>"; };
		E9C5210E169C853D00DAD68B /* MessageTransmission.m */ = {isa = PBXFileReference; fileEncoding = 4; lastKnownFileType = sourcecode.c.objc; path = MessageTransmission.m; sourceTree = "<group>"; };
		E9C52129169C89A800DAD68B /* NSObject+TWG.h */ = {isa = PBXFileReference; fileEncoding = 4; lastKnownFileType = sourcecode.c.h; path = "NSObject+TWG.h"; sourceTree = "<group>"; };
		E9C5212A169C89A800DAD68B /* NSObject+TWG.m */ = {isa = PBXFileReference; fileEncoding = 4; lastKnownFileType = sourcecode.c.objc; path = "NSObject+TWG.m"; sourceTree = "<group>"; };
/* End PBXFileReference section */

/* Begin PBXFrameworksBuildPhase section */
		E9C51FDC169C724100DAD68B /* Frameworks */ = {
			isa = PBXFrameworksBuildPhase;
			buildActionMask = 2147483647;
			files = (
				E9B7CA43169DEFF4009CD6B7 /* UIKit.framework in Frameworks */,
				E9C520F3169C759600DAD68B /* SystemConfiguration.framework in Frameworks */,
				E9C520F1169C758C00DAD68B /* MobileCoreServices.framework in Frameworks */,
				E9C51FE3169C724100DAD68B /* Foundation.framework in Frameworks */,
			);
			runOnlyForDeploymentPostprocessing = 0;
		};
		E9C51FEC169C724100DAD68B /* Frameworks */ = {
			isa = PBXFrameworksBuildPhase;
			buildActionMask = 2147483647;
			files = (
				E9C51FF2169C724100DAD68B /* SenTestingKit.framework in Frameworks */,
				E9C51FF5169C724100DAD68B /* Foundation.framework in Frameworks */,
				E9C51FF8169C724100DAD68B /* libPostageKit.a in Frameworks */,
			);
			runOnlyForDeploymentPostprocessing = 0;
		};
/* End PBXFrameworksBuildPhase section */

/* Begin PBXGroup section */
		E9C51FD4169C724100DAD68B = {
			isa = PBXGroup;
			children = (
				E9C51FE4169C724100DAD68B /* PostageKit */,
				E9C51FF9169C724100DAD68B /* PostageKitTests */,
				E9C51FE1169C724100DAD68B /* Frameworks */,
				E9C51FE0169C724100DAD68B /* Products */,
				E9C520C8169C756F00DAD68B /* Vendor */,
			);
			sourceTree = "<group>";
		};
		E9C51FE0169C724100DAD68B /* Products */ = {
			isa = PBXGroup;
			children = (
				E9C51FDF169C724100DAD68B /* libPostageKit.a */,
				E9C51FF0169C724100DAD68B /* PostageKitTests.octest */,
			);
			name = Products;
			sourceTree = "<group>";
		};
		E9C51FE1169C724100DAD68B /* Frameworks */ = {
			isa = PBXGroup;
			children = (
				E9B7CA42169DEFF4009CD6B7 /* UIKit.framework */,
				E9C520F2169C759600DAD68B /* SystemConfiguration.framework */,
				E9C520F0169C758C00DAD68B /* MobileCoreServices.framework */,
				E9C51FE2169C724100DAD68B /* Foundation.framework */,
				E9C51FF1169C724100DAD68B /* SenTestingKit.framework */,
			);
			name = Frameworks;
			sourceTree = "<group>";
		};
		E9C51FE4169C724100DAD68B /* PostageKit */ = {
			isa = PBXGroup;
			children = (
				E9C52019169C72EA00DAD68B /* PostageKit.h */,
				E9C5201A169C731100DAD68B /* PostageClient.h */,
				E9C5201B169C731100DAD68B /* PostageClient.m */,
				E9DB431C169DC3C10039AA7A /* Categories */,
				E9C520F4169C795500DAD68B /* Models */,
				E9C51FE5169C724100DAD68B /* Supporting Files */,
			);
			path = PostageKit;
			sourceTree = "<group>";
		};
		E9C51FE5169C724100DAD68B /* Supporting Files */ = {
			isa = PBXGroup;
			children = (
				E9C51FE6169C724100DAD68B /* PostageKit-Prefix.pch */,
			);
			name = "Supporting Files";
			sourceTree = "<group>";
		};
		E9C51FF9169C724100DAD68B /* PostageKitTests */ = {
			isa = PBXGroup;
			children = (
				E9C51FFF169C724100DAD68B /* PostageKitTests.h */,
				E9C52000169C724100DAD68B /* PostageKitTests.m */,
				E9C51FFA169C724100DAD68B /* Supporting Files */,
			);
			path = PostageKitTests;
			sourceTree = "<group>";
		};
		E9C51FFA169C724100DAD68B /* Supporting Files */ = {
			isa = PBXGroup;
			children = (
				E9C51FFB169C724100DAD68B /* PostageKitTests-Info.plist */,
				E9C51FFC169C724100DAD68B /* InfoPlist.strings */,
			);
			name = "Supporting Files";
			sourceTree = "<group>";
		};
		E9C520C8169C756F00DAD68B /* Vendor */ = {
			isa = PBXGroup;
			children = (
				E9C520C9169C756F00DAD68B /* AFNetworking */,
			);
			path = Vendor;
			sourceTree = "<group>";
		};
		E9C520C9169C756F00DAD68B /* AFNetworking */ = {
			isa = PBXGroup;
			children = (
				E9C520CA169C756F00DAD68B /* AFHTTPClient.h */,
				E9C520CB169C756F00DAD68B /* AFHTTPClient.m */,
				E9C520CC169C756F00DAD68B /* AFHTTPRequestOperation.h */,
				E9C520CD169C756F00DAD68B /* AFHTTPRequestOperation.m */,
				E9C520CE169C756F00DAD68B /* AFImageRequestOperation.h */,
				E9C520CF169C756F00DAD68B /* AFImageRequestOperation.m */,
				E9C520D0169C756F00DAD68B /* AFJSONRequestOperation.h */,
				E9C520D1169C756F00DAD68B /* AFJSONRequestOperation.m */,
				E9C520D2169C756F00DAD68B /* AFNetworkActivityIndicatorManager.h */,
				E9C520D3169C756F00DAD68B /* AFNetworkActivityIndicatorManager.m */,
				E9C520D4169C756F00DAD68B /* AFNetworking.h */,
				E9C520D5169C756F00DAD68B /* AFPropertyListRequestOperation.h */,
				E9C520D6169C756F00DAD68B /* AFPropertyListRequestOperation.m */,
				E9C520D7169C756F00DAD68B /* AFURLConnectionOperation.h */,
				E9C520D8169C756F00DAD68B /* AFURLConnectionOperation.m */,
				E9C520D9169C756F00DAD68B /* AFXMLRequestOperation.h */,
				E9C520DA169C756F00DAD68B /* AFXMLRequestOperation.m */,
				E9C520DB169C756F00DAD68B /* UIImageView+AFNetworking.h */,
				E9C520DC169C756F00DAD68B /* UIImageView+AFNetworking.m */,
			);
			path = AFNetworking;
			sourceTree = "<group>";
		};
		E9C520F4169C795500DAD68B /* Models */ = {
			isa = PBXGroup;
			children = (
				E9C520F5169C796C00DAD68B /* MessageParams.h */,
				E9C520F6169C796C00DAD68B /* MessageParams.m */,
				E9C520FD169C798400DAD68B /* AccountInfo.h */,
				E9C520FE169C798400DAD68B /* AccountInfo.m */,
				E9C52101169C798B00DAD68B /* ProjectInfo.h */,
				E9C52102169C798B00DAD68B /* ProjectInfo.m */,
				E9C52105169C827700DAD68B /* JSONObject.h */,
				E9C52106169C827700DAD68B /* JSONObject.m */,
				E9C52109169C83E000DAD68B /* PostageMessage.h */,
				E9C5210A169C83E000DAD68B /* PostageMessage.m */,
				E9C5210D169C853D00DAD68B /* MessageTransmission.h */,
				E9C5210E169C853D00DAD68B /* MessageTransmission.m */,
			);
			name = Models;
			sourceTree = "<group>";
		};
		E9DB431C169DC3C10039AA7A /* Categories */ = {
			isa = PBXGroup;
			children = (
				E9C52129169C89A800DAD68B /* NSObject+TWG.h */,
				E9C5212A169C89A800DAD68B /* NSObject+TWG.m */,
			);
			name = Categories;
			sourceTree = "<group>";
		};
/* End PBXGroup section */

/* Begin PBXHeadersBuildPhase section */
		E9C5201D169C732C00DAD68B /* Headers */ = {
			isa = PBXHeadersBuildPhase;
			buildActionMask = 2147483647;
			files = (
				E9C5201E169C733600DAD68B /* PostageKit.h in Headers */,
				E9C5201F169C733600DAD68B /* PostageClient.h in Headers */,
				E9C520F7169C796C00DAD68B /* MessageParams.h in Headers */,
				E9C520FF169C798400DAD68B /* AccountInfo.h in Headers */,
				E9C52103169C798B00DAD68B /* ProjectInfo.h in Headers */,
				E9C52107169C827700DAD68B /* JSONObject.h in Headers */,
				E9C5210B169C83E000DAD68B /* PostageMessage.h in Headers */,
				E9C5210F169C853E00DAD68B /* MessageTransmission.h in Headers */,
				E9C520DD169C756F00DAD68B /* AFHTTPClient.h in Headers */,
				E9C5212B169C89A800DAD68B /* NSObject+TWG.h in Headers */,
				E9C520DF169C756F00DAD68B /* AFHTTPRequestOperation.h in Headers */,
				E9C520E1169C756F00DAD68B /* AFImageRequestOperation.h in Headers */,
				E9C520E3169C756F00DAD68B /* AFJSONRequestOperation.h in Headers */,
				E9C520E5169C756F00DAD68B /* AFNetworkActivityIndicatorManager.h in Headers */,
				E9C520E7169C756F00DAD68B /* AFNetworking.h in Headers */,
				E9C520E8169C756F00DAD68B /* AFPropertyListRequestOperation.h in Headers */,
				E9C520EA169C756F00DAD68B /* AFURLConnectionOperation.h in Headers */,
				E9C520EC169C756F00DAD68B /* AFXMLRequestOperation.h in Headers */,
				E9C520EE169C756F00DAD68B /* UIImageView+AFNetworking.h in Headers */,
			);
			runOnlyForDeploymentPostprocessing = 0;
		};
/* End PBXHeadersBuildPhase section */

/* Begin PBXNativeTarget section */
		E9C51FDE169C724100DAD68B /* PostageKit */ = {
			isa = PBXNativeTarget;
			buildConfigurationList = E9C52004169C724100DAD68B /* Build configuration list for PBXNativeTarget "PostageKit" */;
			buildPhases = (
				E9C51FDB169C724100DAD68B /* Sources */,
				E9C51FDC169C724100DAD68B /* Frameworks */,
				E9C51FDD169C724100DAD68B /* CopyFiles */,
				E9C5201D169C732C00DAD68B /* Headers */,
				E9C52020169C737200DAD68B /* ShellScript */,
			);
			buildRules = (
			);
			dependencies = (
			);
			name = PostageKit;
			productName = PostageKit;
			productReference = E9C51FDF169C724100DAD68B /* libPostageKit.a */;
			productType = "com.apple.product-type.library.static";
		};
		E9C51FEF169C724100DAD68B /* PostageKitTests */ = {
			isa = PBXNativeTarget;
			buildConfigurationList = E9C52007169C724100DAD68B /* Build configuration list for PBXNativeTarget "PostageKitTests" */;
			buildPhases = (
				E9C51FEB169C724100DAD68B /* Sources */,
				E9C51FEC169C724100DAD68B /* Frameworks */,
				E9C51FED169C724100DAD68B /* Resources */,
				E9C51FEE169C724100DAD68B /* ShellScript */,
			);
			buildRules = (
			);
			dependencies = (
				E9C51FF7169C724100DAD68B /* PBXTargetDependency */,
			);
			name = PostageKitTests;
			productName = PostageKitTests;
			productReference = E9C51FF0169C724100DAD68B /* PostageKitTests.octest */;
			productType = "com.apple.product-type.bundle";
		};
/* End PBXNativeTarget section */

/* Begin PBXProject section */
		E9C51FD6169C724100DAD68B /* Project object */ = {
			isa = PBXProject;
			attributes = {
				LastUpgradeCheck = 0450;
				ORGANIZATIONNAME = "The Working Group";
			};
			buildConfigurationList = E9C51FD9169C724100DAD68B /* Build configuration list for PBXProject "PostageKit" */;
			compatibilityVersion = "Xcode 3.2";
			developmentRegion = English;
			hasScannedForEncodings = 0;
			knownRegions = (
				en,
			);
			mainGroup = E9C51FD4169C724100DAD68B;
			productRefGroup = E9C51FE0169C724100DAD68B /* Products */;
			projectDirPath = "";
			projectRoot = "";
			targets = (
				E9C51FDE169C724100DAD68B /* PostageKit */,
				E9C51FEF169C724100DAD68B /* PostageKitTests */,
				E9C5206E169C740100DAD68B /* Framework */,
			);
		};
/* End PBXProject section */

/* Begin PBXResourcesBuildPhase section */
		E9C51FED169C724100DAD68B /* Resources */ = {
			isa = PBXResourcesBuildPhase;
			buildActionMask = 2147483647;
			files = (
				E9C51FFE169C724100DAD68B /* InfoPlist.strings in Resources */,
			);
			runOnlyForDeploymentPostprocessing = 0;
		};
/* End PBXResourcesBuildPhase section */

/* Begin PBXShellScriptBuildPhase section */
		E9C51FEE169C724100DAD68B /* ShellScript */ = {
			isa = PBXShellScriptBuildPhase;
			buildActionMask = 2147483647;
			files = (
			);
			inputPaths = (
			);
			outputPaths = (
			);
			runOnlyForDeploymentPostprocessing = 0;
			shellPath = /bin/sh;
			shellScript = "# Run the unit tests in this test bundle.\n\"${SYSTEM_DEVELOPER_DIR}/Tools/RunUnitTests\"\n";
		};
		E9C52020169C737200DAD68B /* ShellScript */ = {
			isa = PBXShellScriptBuildPhase;
			buildActionMask = 2147483647;
			files = (
			);
			inputPaths = (
			);
			outputPaths = (
			);
			runOnlyForDeploymentPostprocessing = 0;
			shellPath = /bin/sh;
			shellScript = "set -e\n\nmkdir -p \"${BUILT_PRODUCTS_DIR}/${PRODUCT_NAME}.framework/Versions/A/Headers\"\n\n# Link the \"Current\" version to \"A\"\n/bin/ln -sfh A \"${BUILT_PRODUCTS_DIR}/${PRODUCT_NAME}.framework/Versions/Current\"\n/bin/ln -sfh Versions/Current/Headers \"${BUILT_PRODUCTS_DIR}/${PRODUCT_NAME}.framework/Headers\"\n/bin/ln -sfh \"Versions/Current/${PRODUCT_NAME}\" \"${BUILT_PRODUCTS_DIR}/${PRODUCT_NAME}.framework/${PRODUCT_NAME}\"\n\n# The -a ensures that the headers maintain the source modification date so that we don't constantly\n# cause propagating rebuilds of files that import these headers.\n/bin/cp -a \"${TARGET_BUILD_DIR}/${PUBLIC_HEADERS_FOLDER_PATH}/\" \"${BUILT_PRODUCTS_DIR}/${PRODUCT_NAME}.framework/Versions/A/Headers\"\n";
		};
		E9C52074169C741100DAD68B /* ShellScript */ = {
			isa = PBXShellScriptBuildPhase;
			buildActionMask = 2147483647;
			files = (
			);
			inputPaths = (
			);
			outputPaths = (
			);
			runOnlyForDeploymentPostprocessing = 0;
			shellPath = /bin/sh;
			shellScript = "set -e\nset +u\n# Avoid recursively calling this script.\nif [[ $SF_MASTER_SCRIPT_RUNNING ]]\nthen\nexit 0\nfi\nset -u\nexport SF_MASTER_SCRIPT_RUNNING=1\n\nSF_TARGET_NAME=${PROJECT_NAME}\nSF_EXECUTABLE_PATH=\"lib${SF_TARGET_NAME}.a\"\nSF_WRAPPER_NAME=\"${SF_TARGET_NAME}.framework\"\n\n# The following conditionals come from\n# https://github.com/kstenerud/iOS-Universal-Framework\n\nif [[ \"$SDK_NAME\" =~ ([A-Za-z]+) ]]\nthen\nSF_SDK_PLATFORM=${BASH_REMATCH[1]}\nelse\necho \"Could not find platform name from SDK_NAME: $SDK_NAME\"\nexit 1\nfi\n\nif [[ \"$SDK_NAME\" =~ ([0-9]+.*$) ]]\nthen\nSF_SDK_VERSION=${BASH_REMATCH[1]}\nelse\necho \"Could not find sdk version from SDK_NAME: $SDK_NAME\"\nexit 1\nfi\n\nif [[ \"$SF_SDK_PLATFORM\" = \"iphoneos\" ]]\nthen\nSF_OTHER_PLATFORM=iphonesimulator\nelse\nSF_OTHER_PLATFORM=iphoneos\nfi\n\nif [[ \"$BUILT_PRODUCTS_DIR\" =~ (.*)$SF_SDK_PLATFORM$ ]]\nthen\nSF_OTHER_BUILT_PRODUCTS_DIR=\"${BASH_REMATCH[1]}${SF_OTHER_PLATFORM}\"\nelse\necho \"Could not find platform name from build products directory: $BUILT_PRODUCTS_DIR\"\nexit 1\nfi\n\n# Build the other platform.\nxcodebuild -project \"${PROJECT_FILE_PATH}\" -target \"${TARGET_NAME}\" -configuration \"${CONFIGURATION}\" -sdk ${SF_OTHER_PLATFORM}${SF_SDK_VERSION} BUILD_DIR=\"${BUILD_DIR}\" OBJROOT=\"${OBJROOT}\" BUILD_ROOT=\"${BUILD_ROOT}\" SYMROOT=\"${SYMROOT}\" $ACTION\n\n# Smash the two static libraries into one fat binary and store it in the .framework\nlipo -create \"${BUILT_PRODUCTS_DIR}/${SF_EXECUTABLE_PATH}\" \"${SF_OTHER_BUILT_PRODUCTS_DIR}/${SF_EXECUTABLE_PATH}\" -output \"${BUILT_PRODUCTS_DIR}/${SF_WRAPPER_NAME}/Versions/A/${SF_TARGET_NAME}\"\n\n# Copy the binary to the other architecture folder to have a complete framework in both.\ncp -a \"${BUILT_PRODUCTS_DIR}/${SF_WRAPPER_NAME}/Versions/A/${SF_TARGET_NAME}\" \"${SF_OTHER_BUILT_PRODUCTS_DIR}/${SF_WRAPPER_NAME}/Versions/A/${SF_TARGET_NAME}\"\n";
		};
/* End PBXShellScriptBuildPhase section */

/* Begin PBXSourcesBuildPhase section */
		E9C51FDB169C724100DAD68B /* Sources */ = {
			isa = PBXSourcesBuildPhase;
			buildActionMask = 2147483647;
			files = (
				E9C5201C169C731100DAD68B /* PostageClient.m in Sources */,
				E9C520DE169C756F00DAD68B /* AFHTTPClient.m in Sources */,
				E9C520E0169C756F00DAD68B /* AFHTTPRequestOperation.m in Sources */,
				E9C520E2169C756F00DAD68B /* AFImageRequestOperation.m in Sources */,
				E9C520E4169C756F00DAD68B /* AFJSONRequestOperation.m in Sources */,
				E9C520E6169C756F00DAD68B /* AFNetworkActivityIndicatorManager.m in Sources */,
				E9C520E9169C756F00DAD68B /* AFPropertyListRequestOperation.m in Sources */,
				E9C520EB169C756F00DAD68B /* AFURLConnectionOperation.m in Sources */,
				E9C520ED169C756F00DAD68B /* AFXMLRequestOperation.m in Sources */,
				E9C520EF169C756F00DAD68B /* UIImageView+AFNetworking.m in Sources */,
				E9C520F8169C796C00DAD68B /* MessageParams.m in Sources */,
				E9C52100169C798400DAD68B /* AccountInfo.m in Sources */,
				E9C52104169C798B00DAD68B /* ProjectInfo.m in Sources */,
				E9C52108169C827700DAD68B /* JSONObject.m in Sources */,
				E9C5210C169C83E000DAD68B /* PostageMessage.m in Sources */,
				E9C52110169C853E00DAD68B /* MessageTransmission.m in Sources */,
				E9C5212C169C89A800DAD68B /* NSObject+TWG.m in Sources */,
			);
			runOnlyForDeploymentPostprocessing = 0;
		};
		E9C51FEB169C724100DAD68B /* Sources */ = {
			isa = PBXSourcesBuildPhase;
			buildActionMask = 2147483647;
			files = (
				E9C52001169C724100DAD68B /* PostageKitTests.m in Sources */,
			);
			runOnlyForDeploymentPostprocessing = 0;
		};
/* End PBXSourcesBuildPhase section */

/* Begin PBXTargetDependency section */
		E9C51FF7169C724100DAD68B /* PBXTargetDependency */ = {
			isa = PBXTargetDependency;
			target = E9C51FDE169C724100DAD68B /* PostageKit */;
			targetProxy = E9C51FF6169C724100DAD68B /* PBXContainerItemProxy */;
		};
		E9C52073169C740A00DAD68B /* PBXTargetDependency */ = {
			isa = PBXTargetDependency;
			target = E9C51FDE169C724100DAD68B /* PostageKit */;
			targetProxy = E9C52072169C740A00DAD68B /* PBXContainerItemProxy */;
		};
/* End PBXTargetDependency section */

/* Begin PBXVariantGroup section */
		E9C51FFC169C724100DAD68B /* InfoPlist.strings */ = {
			isa = PBXVariantGroup;
			children = (
				E9C51FFD169C724100DAD68B /* en */,
			);
			name = InfoPlist.strings;
			sourceTree = "<group>";
		};
/* End PBXVariantGroup section */

/* Begin XCBuildConfiguration section */
		E9C52002169C724100DAD68B /* Debug */ = {
			isa = XCBuildConfiguration;
			buildSettings = {
				ALWAYS_SEARCH_USER_PATHS = NO;
				CLANG_CXX_LANGUAGE_STANDARD = "gnu++0x";
				CLANG_CXX_LIBRARY = "libc++";
				CLANG_ENABLE_OBJC_ARC = YES;
				CLANG_WARN_EMPTY_BODY = YES;
				CLANG_WARN__DUPLICATE_METHOD_MATCH = YES;
				COPY_PHASE_STRIP = NO;
				GCC_C_LANGUAGE_STANDARD = gnu99;
				GCC_DYNAMIC_NO_PIC = NO;
				GCC_OPTIMIZATION_LEVEL = 0;
				GCC_PREPROCESSOR_DEFINITIONS = (
					"DEBUG=1",
					"$(inherited)",
				);
				GCC_SYMBOLS_PRIVATE_EXTERN = NO;
				GCC_WARN_ABOUT_RETURN_TYPE = YES;
				GCC_WARN_UNINITIALIZED_AUTOS = YES;
				GCC_WARN_UNUSED_VARIABLE = YES;
				IPHONEOS_DEPLOYMENT_TARGET = 6.0;
				ONLY_ACTIVE_ARCH = YES;
				SDKROOT = iphoneos;
				VERSION = 1.0.1;
			};
			name = Debug;
		};
		E9C52003169C724100DAD68B /* Release */ = {
			isa = XCBuildConfiguration;
			buildSettings = {
				ALWAYS_SEARCH_USER_PATHS = NO;
				CLANG_CXX_LANGUAGE_STANDARD = "gnu++0x";
				CLANG_CXX_LIBRARY = "libc++";
				CLANG_ENABLE_OBJC_ARC = YES;
				CLANG_WARN_EMPTY_BODY = YES;
				CLANG_WARN__DUPLICATE_METHOD_MATCH = YES;
				COPY_PHASE_STRIP = YES;
				GCC_C_LANGUAGE_STANDARD = gnu99;
				GCC_WARN_ABOUT_RETURN_TYPE = YES;
				GCC_WARN_UNINITIALIZED_AUTOS = YES;
				GCC_WARN_UNUSED_VARIABLE = YES;
				IPHONEOS_DEPLOYMENT_TARGET = 6.0;
				SDKROOT = iphoneos;
				VALIDATE_PRODUCT = YES;
				VERSION = 1.0.1;
			};
			name = Release;
		};
		E9C52005169C724100DAD68B /* Debug */ = {
			isa = XCBuildConfiguration;
			buildSettings = {
				COPY_PHASE_STRIP = NO;
				DEAD_CODE_STRIPPING = NO;
				DSTROOT = /tmp/PostageKit.dst;
				GCC_PRECOMPILE_PREFIX_HEADER = YES;
				GCC_PREFIX_HEADER = "PostageKit/PostageKit-Prefix.pch";
				OTHER_LDFLAGS = "-ObjC";
				PRODUCT_NAME = "$(TARGET_NAME)";
				PUBLIC_HEADERS_FOLDER_PATH = Headers;
				SKIP_INSTALL = YES;
				STRIP_STYLE = "non-global";
			};
			name = Debug;
		};
		E9C52006169C724100DAD68B /* Release */ = {
			isa = XCBuildConfiguration;
			buildSettings = {
				COPY_PHASE_STRIP = NO;
				DEAD_CODE_STRIPPING = NO;
				DSTROOT = /tmp/PostageKit.dst;
				GCC_PRECOMPILE_PREFIX_HEADER = YES;
				GCC_PREFIX_HEADER = "PostageKit/PostageKit-Prefix.pch";
				OTHER_LDFLAGS = "-ObjC";
				PRODUCT_NAME = "$(TARGET_NAME)";
				PUBLIC_HEADERS_FOLDER_PATH = Headers;
				SKIP_INSTALL = YES;
				STRIP_STYLE = "non-global";
			};
			name = Release;
		};
		E9C52008169C724100DAD68B /* Debug */ = {
			isa = XCBuildConfiguration;
			buildSettings = {
				FRAMEWORK_SEARCH_PATHS = (
					"\"$(SDKROOT)/Developer/Library/Frameworks\"",
					"\"$(DEVELOPER_LIBRARY_DIR)/Frameworks\"",
				);
				GCC_PRECOMPILE_PREFIX_HEADER = YES;
				GCC_PREFIX_HEADER = "PostageKit/PostageKit-Prefix.pch";
				INFOPLIST_FILE = "PostageKitTests/PostageKitTests-Info.plist";
				PRODUCT_NAME = "$(TARGET_NAME)";
				WRAPPER_EXTENSION = octest;
			};
			name = Debug;
		};
		E9C52009169C724100DAD68B /* Release */ = {
			isa = XCBuildConfiguration;
			buildSettings = {
				FRAMEWORK_SEARCH_PATHS = (
					"\"$(SDKROOT)/Developer/Library/Frameworks\"",
					"\"$(DEVELOPER_LIBRARY_DIR)/Frameworks\"",
				);
				GCC_PRECOMPILE_PREFIX_HEADER = YES;
				GCC_PREFIX_HEADER = "PostageKit/PostageKit-Prefix.pch";
				INFOPLIST_FILE = "PostageKitTests/PostageKitTests-Info.plist";
				PRODUCT_NAME = "$(TARGET_NAME)";
				WRAPPER_EXTENSION = octest;
			};
			name = Release;
		};
		E9C52070169C740100DAD68B /* Debug */ = {
			isa = XCBuildConfiguration;
			buildSettings = {
				PRODUCT_NAME = "$(TARGET_NAME)";
			};
			name = Debug;
		};
		E9C52071169C740100DAD68B /* Release */ = {
			isa = XCBuildConfiguration;
			buildSettings = {
				PRODUCT_NAME = "$(TARGET_NAME)";
			};
			name = Release;
		};
/* End XCBuildConfiguration section */

/* Begin XCConfigurationList section */
		E9C51FD9169C724100DAD68B /* Build configuration list for PBXProject "PostageKit" */ = {
			isa = XCConfigurationList;
			buildConfigurations = (
				E9C52002169C724100DAD68B /* Debug */,
				E9C52003169C724100DAD68B /* Release */,
			);
			defaultConfigurationIsVisible = 0;
			defaultConfigurationName = Release;
		};
		E9C52004169C724100DAD68B /* Build configuration list for PBXNativeTarget "PostageKit" */ = {
			isa = XCConfigurationList;
			buildConfigurations = (
				E9C52005169C724100DAD68B /* Debug */,
				E9C52006169C724100DAD68B /* Release */,
			);
			defaultConfigurationIsVisible = 0;
			defaultConfigurationName = Release;
		};
		E9C52007169C724100DAD68B /* Build configuration list for PBXNativeTarget "PostageKitTests" */ = {
			isa = XCConfigurationList;
			buildConfigurations = (
				E9C52008169C724100DAD68B /* Debug */,
				E9C52009169C724100DAD68B /* Release */,
			);
			defaultConfigurationIsVisible = 0;
			defaultConfigurationName = Release;
		};
		E9C5206F169C740100DAD68B /* Build configuration list for PBXAggregateTarget "Framework" */ = {
			isa = XCConfigurationList;
			buildConfigurations = (
				E9C52070169C740100DAD68B /* Debug */,
				E9C52071169C740100DAD68B /* Release */,
			);
			defaultConfigurationIsVisible = 0;
			defaultConfigurationName = Release;
		};
/* End XCConfigurationList section */
	};
	rootObject = E9C51FD6169C724100DAD68B /* Project object */;
}
